// !$*UTF8*$!
{
	archiveVersion = 1;
	classes = {
	};
	objectVersion = 52;
	objects = {

/* Begin PBXBuildFile section */
		D9911B2E264AD99800B59D2F /* AppDelegate.swift in Sources */ = {isa = PBXBuildFile; fileRef = D9911B2D264AD99800B59D2F /* AppDelegate.swift */; };
		D9911B30264AD99800B59D2F /* SceneDelegate.swift in Sources */ = {isa = PBXBuildFile; fileRef = D9911B2F264AD99800B59D2F /* SceneDelegate.swift */; };
		D9911B32264AD99800B59D2F /* HomeViewController.swift in Sources */ = {isa = PBXBuildFile; fileRef = D9911B31264AD99800B59D2F /* HomeViewController.swift */; };
		D9911B37264AD99D00B59D2F /* Assets.xcassets in Resources */ = {isa = PBXBuildFile; fileRef = D9911B36264AD99D00B59D2F /* Assets.xcassets */; };
		D9911B3A264AD99D00B59D2F /* LaunchScreen.storyboard in Resources */ = {isa = PBXBuildFile; fileRef = D9911B38264AD99D00B59D2F /* LaunchScreen.storyboard */; };
		D9911B45264ADB0000B59D2F /* HomeView.swift in Sources */ = {isa = PBXBuildFile; fileRef = D9911B44264ADB0000B59D2F /* HomeView.swift */; };
		D9911B4A264ADBC800B59D2F /* SnapKit in Frameworks */ = {isa = PBXBuildFile; productRef = D9911B49264ADBC800B59D2F /* SnapKit */; };
		D9911B4E264ADE8C00B59D2F /* TabsCollectionViewCell.swift in Sources */ = {isa = PBXBuildFile; fileRef = D9911B4D264ADE8C00B59D2F /* TabsCollectionViewCell.swift */; };
/* End PBXBuildFile section */

/* Begin PBXFileReference section */
		D9911B2A264AD99800B59D2F /* TabsExample.app */ = {isa = PBXFileReference; explicitFileType = wrapper.application; includeInIndex = 0; path = TabsExample.app; sourceTree = BUILT_PRODUCTS_DIR; };
		D9911B2D264AD99800B59D2F /* AppDelegate.swift */ = {isa = PBXFileReference; lastKnownFileType = sourcecode.swift; path = AppDelegate.swift; sourceTree = "<group>"; };
		D9911B2F264AD99800B59D2F /* SceneDelegate.swift */ = {isa = PBXFileReference; lastKnownFileType = sourcecode.swift; path = SceneDelegate.swift; sourceTree = "<group>"; };
		D9911B31264AD99800B59D2F /* HomeViewController.swift */ = {isa = PBXFileReference; lastKnownFileType = sourcecode.swift; path = HomeViewController.swift; sourceTree = "<group>"; };
		D9911B36264AD99D00B59D2F /* Assets.xcassets */ = {isa = PBXFileReference; lastKnownFileType = folder.assetcatalog; path = Assets.xcassets; sourceTree = "<group>"; };
		D9911B39264AD99D00B59D2F /* Base */ = {isa = PBXFileReference; lastKnownFileType = file.storyboard; name = Base; path = Base.lproj/LaunchScreen.storyboard; sourceTree = "<group>"; };
		D9911B3B264AD99D00B59D2F /* Info.plist */ = {isa = PBXFileReference; lastKnownFileType = text.plist.xml; path = Info.plist; sourceTree = "<group>"; };
		D9911B44264ADB0000B59D2F /* HomeView.swift */ = {isa = PBXFileReference; lastKnownFileType = sourcecode.swift; path = HomeView.swift; sourceTree = "<group>"; };
		D9911B4D264ADE8C00B59D2F /* TabsCollectionViewCell.swift */ = {isa = PBXFileReference; lastKnownFileType = sourcecode.swift; path = TabsCollectionViewCell.swift; sourceTree = "<group>"; };
/* End PBXFileReference section */

/* Begin PBXFrameworksBuildPhase section */
		D9911B27264AD99800B59D2F /* Frameworks */ = {
			isa = PBXFrameworksBuildPhase;
			buildActionMask = 2147483647;
			files = (
				D9911B4A264ADBC800B59D2F /* SnapKit in Frameworks */,
			);
			runOnlyForDeploymentPostprocessing = 0;
		};
/* End PBXFrameworksBuildPhase section */

/* Begin PBXGroup section */
		D9911B21264AD99800B59D2F = {
			isa = PBXGroup;
			children = (
				D9911B2C264AD99800B59D2F /* TabsExample */,
				D9911B2B264AD99800B59D2F /* Products */,
			);
			sourceTree = "<group>";
		};
		D9911B2B264AD99800B59D2F /* Products */ = {
			isa = PBXGroup;
			children = (
				D9911B2A264AD99800B59D2F /* TabsExample.app */,
			);
			name = Products;
			sourceTree = "<group>";
		};
		D9911B2C264AD99800B59D2F /* TabsExample */ = {
			isa = PBXGroup;
			children = (
				D9911B2D264AD99800B59D2F /* AppDelegate.swift */,
				D9911B2F264AD99800B59D2F /* SceneDelegate.swift */,
				D9911B51264AE07100B59D2F /* Controller */,
				D9911B43264ADAD900B59D2F /* View */,
				D9911B4C264ADE5A00B59D2F /* Cell */,
				D9911B36264AD99D00B59D2F /* Assets.xcassets */,
				D9911B38264AD99D00B59D2F /* LaunchScreen.storyboard */,
				D9911B3B264AD99D00B59D2F /* Info.plist */,
			);
			path = TabsExample;
			sourceTree = "<group>";
		};
		D9911B43264ADAD900B59D2F /* View */ = {
			isa = PBXGroup;
			children = (
				D9911B44264ADB0000B59D2F /* HomeView.swift */,
			);
			path = View;
			sourceTree = "<group>";
		};
		D9911B4C264ADE5A00B59D2F /* Cell */ = {
			isa = PBXGroup;
			children = (
				D9911B4D264ADE8C00B59D2F /* TabsCollectionViewCell.swift */,
			);
			path = Cell;
			sourceTree = "<group>";
		};
		D9911B51264AE07100B59D2F /* Controller */ = {
			isa = PBXGroup;
			children = (
				D9911B31264AD99800B59D2F /* HomeViewController.swift */,
			);
			path = Controller;
			sourceTree = "<group>";
		};
/* End PBXGroup section */

/* Begin PBXNativeTarget section */
		D9911B29264AD99800B59D2F /* TabsExample */ = {
			isa = PBXNativeTarget;
			buildConfigurationList = D9911B3E264AD99D00B59D2F /* Build configuration list for PBXNativeTarget "TabsExample" */;
			buildPhases = (
				D9911B26264AD99800B59D2F /* Sources */,
				D9911B27264AD99800B59D2F /* Frameworks */,
				D9911B28264AD99800B59D2F /* Resources */,
			);
			buildRules = (
			);
			dependencies = (
			);
			name = TabsExample;
			packageProductDependencies = (
				D9911B49264ADBC800B59D2F /* SnapKit */,
			);
			productName = TabsExample;
			productReference = D9911B2A264AD99800B59D2F /* TabsExample.app */;
			productType = "com.apple.product-type.application";
		};
/* End PBXNativeTarget section */

/* Begin PBXProject section */
		D9911B22264AD99800B59D2F /* Project object */ = {
			isa = PBXProject;
			attributes = {
				LastSwiftUpdateCheck = 1240;
				LastUpgradeCheck = 1240;
				TargetAttributes = {
					D9911B29264AD99800B59D2F = {
						CreatedOnToolsVersion = 12.4;
					};
				};
			};
			buildConfigurationList = D9911B25264AD99800B59D2F /* Build configuration list for PBXProject "TabsExample" */;
			compatibilityVersion = "Xcode 9.3";
			developmentRegion = en;
			hasScannedForEncodings = 0;
			knownRegions = (
				en,
				Base,
			);
			mainGroup = D9911B21264AD99800B59D2F;
			packageReferences = (
				D9911B48264ADBC800B59D2F /* XCRemoteSwiftPackageReference "SnapKit" */,
			);
			productRefGroup = D9911B2B264AD99800B59D2F /* Products */;
			projectDirPath = "";
			projectRoot = "";
			targets = (
				D9911B29264AD99800B59D2F /* TabsExample */,
			);
		};
/* End PBXProject section */

/* Begin PBXResourcesBuildPhase section */
		D9911B28264AD99800B59D2F /* Resources */ = {
			isa = PBXResourcesBuildPhase;
			buildActionMask = 2147483647;
			files = (
				D9911B3A264AD99D00B59D2F /* LaunchScreen.storyboard in Resources */,
				D9911B37264AD99D00B59D2F /* Assets.xcassets in Resources */,
			);
			runOnlyForDeploymentPostprocessing = 0;
		};
/* End PBXResourcesBuildPhase section */

/* Begin PBXSourcesBuildPhase section */
		D9911B26264AD99800B59D2F /* Sources */ = {
			isa = PBXSourcesBuildPhase;
			buildActionMask = 2147483647;
			files = (
				D9911B32264AD99800B59D2F /* HomeViewController.swift in Sources */,
				D9911B4E264ADE8C00B59D2F /* TabsCollectionViewCell.swift in Sources */,
				D9911B45264ADB0000B59D2F /* HomeView.swift in Sources */,
				D9911B2E264AD99800B59D2F /* AppDelegate.swift in Sources */,
				D9911B30264AD99800B59D2F /* SceneDelegate.swift in Sources */,
			);
			runOnlyForDeploymentPostprocessing = 0;
		};
/* End PBXSourcesBuildPhase section */

/* Begin PBXVariantGroup section */
		D9911B38264AD99D00B59D2F /* LaunchScreen.storyboard */ = {
			isa = PBXVariantGroup;
			children = (
				D9911B39264AD99D00B59D2F /* Base */,
			);
			name = LaunchScreen.storyboard;
			sourceTree = "<group>";
		};
/* End PBXVariantGroup section */

/* Begin XCBuildConfiguration section */
		D9911B3C264AD99D00B59D2F /* Debug */ = {
			isa = XCBuildConfiguration;
			buildSettings = {
				ALWAYS_SEARCH_USER_PATHS = NO;
				CLANG_ANALYZER_NONNULL = YES;
				CLANG_ANALYZER_NUMBER_OBJECT_CONVERSION = YES_AGGRESSIVE;
				CLANG_CXX_LANGUAGE_STANDARD = "gnu++14";
				CLANG_CXX_LIBRARY = "libc++";
				CLANG_ENABLE_MODULES = YES;
				CLANG_ENABLE_OBJC_ARC = YES;
				CLANG_ENABLE_OBJC_WEAK = YES;
				CLANG_WARN_BLOCK_CAPTURE_AUTORELEASING = YES;
				CLANG_WARN_BOOL_CONVERSION = YES;
				CLANG_WARN_COMMA = YES;
				CLANG_WARN_CONSTANT_CONVERSION = YES;
				CLANG_WARN_DEPRECATED_OBJC_IMPLEMENTATIONS = YES;
				CLANG_WARN_DIRECT_OBJC_ISA_USAGE = YES_ERROR;
				CLANG_WARN_DOCUMENTATION_COMMENTS = YES;
				CLANG_WARN_EMPTY_BODY = YES;
				CLANG_WARN_ENUM_CONVERSION = YES;
				CLANG_WARN_INFINITE_RECURSION = YES;
				CLANG_WARN_INT_CONVERSION = YES;
				CLANG_WARN_NON_LITERAL_NULL_CONVERSION = YES;
				CLANG_WARN_OBJC_IMPLICIT_RETAIN_SELF = YES;
				CLANG_WARN_OBJC_LITERAL_CONVERSION = YES;
				CLANG_WARN_OBJC_ROOT_CLASS = YES_ERROR;
				CLANG_WARN_QUOTED_INCLUDE_IN_FRAMEWORK_HEADER = YES;
				CLANG_WARN_RANGE_LOOP_ANALYSIS = YES;
				CLANG_WARN_STRICT_PROTOTYPES = YES;
				CLANG_WARN_SUSPICIOUS_MOVE = YES;
				CLANG_WARN_UNGUARDED_AVAILABILITY = YES_AGGRESSIVE;
				CLANG_WARN_UNREACHABLE_CODE = YES;
				CLANG_WARN__DUPLICATE_METHOD_MATCH = YES;
				COPY_PHASE_STRIP = NO;
				DEBUG_INFORMATION_FORMAT = dwarf;
				ENABLE_STRICT_OBJC_MSGSEND = YES;
				ENABLE_TESTABILITY = YES;
				GCC_C_LANGUAGE_STANDARD = gnu11;
				GCC_DYNAMIC_NO_PIC = NO;
				GCC_NO_COMMON_BLOCKS = YES;
				GCC_OPTIMIZATION_LEVEL = 0;
				GCC_PREPROCESSOR_DEFINITIONS = (
					"DEBUG=1",
					"$(inherited)",
				);
				GCC_WARN_64_TO_32_BIT_CONVERSION = YES;
				GCC_WARN_ABOUT_RETURN_TYPE = YES_ERROR;
				GCC_WARN_UNDECLARED_SELECTOR = YES;
				GCC_WARN_UNINITIALIZED_AUTOS = YES_AGGRESSIVE;
				GCC_WARN_UNUSED_FUNCTION = YES;
				GCC_WARN_UNUSED_VARIABLE = YES;
				IPHONEOS_DEPLOYMENT_TARGET = 14.4;
				MTL_ENABLE_DEBUG_INFO = INCLUDE_SOURCE;
				MTL_FAST_MATH = YES;
				ONLY_ACTIVE_ARCH = YES;
				SDKROOT = iphoneos;
				SWIFT_ACTIVE_COMPILATION_CONDITIONS = DEBUG;
				SWIFT_OPTIMIZATION_LEVEL = "-Onone";
			};
			name = Debug;
		};
		D9911B3D264AD99D00B59D2F /* Release */ = {
			isa = XCBuildConfiguration;
			buildSettings = {
				ALWAYS_SEARCH_USER_PATHS = NO;
				CLANG_ANALYZER_NONNULL = YES;
				CLANG_ANALYZER_NUMBER_OBJECT_CONVERSION = YES_AGGRESSIVE;
				CLANG_CXX_LANGUAGE_STANDARD = "gnu++14";
				CLANG_CXX_LIBRARY = "libc++";
				CLANG_ENABLE_MODULES = YES;
				CLANG_ENABLE_OBJC_ARC = YES;
				CLANG_ENABLE_OBJC_WEAK = YES;
				CLANG_WARN_BLOCK_CAPTURE_AUTORELEASING = YES;
				CLANG_WARN_BOOL_CONVERSION = YES;
				CLANG_WARN_COMMA = YES;
				CLANG_WARN_CONSTANT_CONVERSION = YES;
				CLANG_WARN_DEPRECATED_OBJC_IMPLEMENTATIONS = YES;
				CLANG_WARN_DIRECT_OBJC_ISA_USAGE = YES_ERROR;
				CLANG_WARN_DOCUMENTATION_COMMENTS = YES;
				CLANG_WARN_EMPTY_BODY = YES;
				CLANG_WARN_ENUM_CONVERSION = YES;
				CLANG_WARN_INFINITE_RECURSION = YES;
				CLANG_WARN_INT_CONVERSION = YES;
				CLANG_WARN_NON_LITERAL_NULL_CONVERSION = YES;
				CLANG_WARN_OBJC_IMPLICIT_RETAIN_SELF = YES;
				CLANG_WARN_OBJC_LITERAL_CONVERSION = YES;
				CLANG_WARN_OBJC_ROOT_CLASS = YES_ERROR;
				CLANG_WARN_QUOTED_INCLUDE_IN_FRAMEWORK_HEADER = YES;
				CLANG_WARN_RANGE_LOOP_ANALYSIS = YES;
				CLANG_WARN_STRICT_PROTOTYPES = YES;
				CLANG_WARN_SUSPICIOUS_MOVE = YES;
				CLANG_WARN_UNGUARDED_AVAILABILITY = YES_AGGRESSIVE;
				CLANG_WARN_UNREACHABLE_CODE = YES;
				CLANG_WARN__DUPLICATE_METHOD_MATCH = YES;
				COPY_PHASE_STRIP = NO;
				DEBUG_INFORMATION_FORMAT = "dwarf-with-dsym";
				ENABLE_NS_ASSERTIONS = NO;
				ENABLE_STRICT_OBJC_MSGSEND = YES;
				GCC_C_LANGUAGE_STANDARD = gnu11;
				GCC_NO_COMMON_BLOCKS = YES;
				GCC_WARN_64_TO_32_BIT_CONVERSION = YES;
				GCC_WARN_ABOUT_RETURN_TYPE = YES_ERROR;
				GCC_WARN_UNDECLARED_SELECTOR = YES;
				GCC_WARN_UNINITIALIZED_AUTOS = YES_AGGRESSIVE;
				GCC_WARN_UNUSED_FUNCTION = YES;
				GCC_WARN_UNUSED_VARIABLE = YES;
				IPHONEOS_DEPLOYMENT_TARGET = 14.4;
				MTL_ENABLE_DEBUG_INFO = NO;
				MTL_FAST_MATH = YES;
				SDKROOT = iphoneos;
				SWIFT_COMPILATION_MODE = wholemodule;
				SWIFT_OPTIMIZATION_LEVEL = "-O";
				VALIDATE_PRODUCT = YES;
			};
			name = Release;
		};
		D9911B3F264AD99D00B59D2F /* Debug */ = {
			isa = XCBuildConfiguration;
			buildSettings = {
				ASSETCATALOG_COMPILER_APPICON_NAME = AppIcon;
				ASSETCATALOG_COMPILER_GLOBAL_ACCENT_COLOR_NAME = AccentColor;
				CODE_SIGN_STYLE = Automatic;
				DEVELOPMENT_TEAM = 79T4246ALJ;
				INFOPLIST_FILE = TabsExample/Info.plist;
				LD_RUNPATH_SEARCH_PATHS = (
					"$(inherited)",
					"@executable_path/Frameworks",
				);
				PRODUCT_BUNDLE_IDENTIFIER = com.appcoda.TabsExample;
				PRODUCT_NAME = "$(TARGET_NAME)";
				SWIFT_VERSION = 5.0;
				TARGETED_DEVICE_FAMILY = "1,2";
			};
			name = Debug;
		};
		D9911B40264AD99D00B59D2F /* Release */ = {
			isa = XCBuildConfiguration;
			buildSettings = {
				ASSETCATALOG_COMPILER_APPICON_NAME = AppIcon;
				ASSETCATALOG_COMPILER_GLOBAL_ACCENT_COLOR_NAME = AccentColor;
				CODE_SIGN_STYLE = Automatic;
				DEVELOPMENT_TEAM = 79T4246ALJ;
				INFOPLIST_FILE = TabsExample/Info.plist;
				LD_RUNPATH_SEARCH_PATHS = (
					"$(inherited)",
					"@executable_path/Frameworks",
				);
				PRODUCT_BUNDLE_IDENTIFIER = com.appcoda.TabsExample;
				PRODUCT_NAME = "$(TARGET_NAME)";
				SWIFT_VERSION = 5.0;
				TARGETED_DEVICE_FAMILY = "1,2";
			};
			name = Release;
		};
/* End XCBuildConfiguration section */

/* Begin XCConfigurationList section */
		D9911B25264AD99800B59D2F /* Build configuration list for PBXProject "TabsExample" */ = {
			isa = XCConfigurationList;
			buildConfigurations = (
				D9911B3C264AD99D00B59D2F /* Debug */,
				D9911B3D264AD99D00B59D2F /* Release */,
			);
			defaultConfigurationIsVisible = 0;
			defaultConfigurationName = Release;
		};
		D9911B3E264AD99D00B59D2F /* Build configuration list for PBXNativeTarget "TabsExample" */ = {
			isa = XCConfigurationList;
			buildConfigurations = (
				D9911B3F264AD99D00B59D2F /* Debug */,
				D9911B40264AD99D00B59D2F /* Release */,
			);
			defaultConfigurationIsVisible = 0;
			defaultConfigurationName = Release;
		};
/* End XCConfigurationList section */

/* Begin XCRemoteSwiftPackageReference section */
		D9911B48264ADBC800B59D2F /* XCRemoteSwiftPackageReference "SnapKit" */ = {
			isa = XCRemoteSwiftPackageReference;
			repositoryURL = "https://github.com/SnapKit/SnapKit";
			requirement = {
				kind = upToNextMajorVersion;
				minimumVersion = 5.0.1;
			};
		};
/* End XCRemoteSwiftPackageReference section */

/* Begin XCSwiftPackageProductDependency section */
		D9911B49264ADBC800B59D2F /* SnapKit */ = {
			isa = XCSwiftPackageProductDependency;
			package = D9911B48264ADBC800B59D2F /* XCRemoteSwiftPackageReference "SnapKit" */;
			productName = SnapKit;
		};
/* End XCSwiftPackageProductDependency section */
	};
	rootObject = D9911B22264AD99800B59D2F /* Project object */;
}
